
Microsoft Visual Studio Solution File, Format Version 12.00
# Visual Studio Version 17
VisualStudioVersion = 17.11.35219.272
MinimumVisualStudioVersion = 10.0.40219.1
Project("{FAE04EC0-301F-11D3-BF4B-00C04F79EFBC}") = "2ndConsole Bank App", "2ndConsole Bank App.csproj", "{C99B0765-47D4-4E68-8214-89FE5FF7AA37}"
EndProject
Global
	GlobalSection(SolutionConfigurationPlatforms) = preSolution
		Debug|Any CPU = Debug|Any CPU
		Release|Any CPU = Release|Any CPU
	EndGlobalSection
	GlobalSection(ProjectConfigurationPlatforms) = postSolution
		{C99B0765-47D4-4E68-8214-89FE5FF7AA37}.Debug|Any CPU.ActiveCfg = Debug|Any CPU
		{C99B0765-47D4-4E68-8214-89FE5FF7AA37}.Debug|Any CPU.Build.0 = Debug|Any CPU
		{C99B0765-47D4-4E68-8214-89FE5FF7AA37}.Release|Any CPU.ActiveCfg = Release|Any CPU
		{C99B0765-47D4-4E68-8214-89FE5FF7AA37}.Release|Any CPU.Build.0 = Release|Any CPU
	EndGlobalSection
	GlobalSection(SolutionProperties) = preSolution
		HideSolutionNode = FALSE
	EndGlobalSection
	GlobalSection(ExtensibilityGlobals) = postSolution
		SolutionGuid = {818990AA-7910-4AA0-B7F8-60A10600B6DD}
	EndGlobalSection
EndGlobal
